
Microsoft Visual Studio Solution File, Format Version 12.00
# Visual Studio Version 16
VisualStudioVersion = 16.0.30517.126
MinimumVisualStudioVersion = 10.0.40219.1
Project("{FAE04EC0-301F-11D3-BF4B-00C04F79EFBC}") = "RazorPagesMovie", "RazorPagesMovie\RazorPagesMovie.csproj", "{24793255-F034-4F25-8085-3EDB08726D75}"
EndProject
Global
	GlobalSection(SolutionConfigurationPlatforms) = preSolution
		Debug|Any CPU = Debug|Any CPU
		Release|Any CPU = Release|Any CPU
	EndGlobalSection
	GlobalSection(ProjectConfigurationPlatforms) = postSolution
		{24793255-F034-4F25-8085-3EDB08726D75}.Debug|Any CPU.ActiveCfg = Debug|Any CPU
		{24793255-F034-4F25-8085-3EDB08726D75}.Debug|Any CPU.Build.0 = Debug|Any CPU
		{24793255-F034-4F25-8085-3EDB08726D75}.Release|Any CPU.ActiveCfg = Release|Any CPU
		{24793255-F034-4F25-8085-3EDB08726D75}.Release|Any CPU.Build.0 = Release|Any CPU
	EndGlobalSection
	GlobalSection(SolutionProperties) = preSolution
		HideSolutionNode = FALSE
	EndGlobalSection
	GlobalSection(ExtensibilityGlobals) = postSolution
		SolutionGuid = {6F8A44EE-2E51-489D-9D3A-F5051120351F}
	EndGlobalSection
EndGlobal
