
Microsoft Visual Studio Solution File, Format Version 12.00
# Visual Studio Version 16
VisualStudioVersion = 16.0.30621.155
MinimumVisualStudioVersion = 10.0.40219.1
Project("{FAE04EC0-301F-11D3-BF4B-00C04F79EFBC}") = "MvcMovie", "MvcMovie.csproj", "{ADEA2000-8BC5-404C-9992-6C5B0AB6CD19}"
EndProject
Global
	GlobalSection(SolutionConfigurationPlatforms) = preSolution
		Debug|Any CPU = Debug|Any CPU
		Release|Any CPU = Release|Any CPU
	EndGlobalSection
	GlobalSection(ProjectConfigurationPlatforms) = postSolution
		{ADEA2000-8BC5-404C-9992-6C5B0AB6CD19}.Debug|Any CPU.ActiveCfg = Debug|Any CPU
		{ADEA2000-8BC5-404C-9992-6C5B0AB6CD19}.Debug|Any CPU.Build.0 = Debug|Any CPU
		{ADEA2000-8BC5-404C-9992-6C5B0AB6CD19}.Release|Any CPU.ActiveCfg = Release|Any CPU
		{ADEA2000-8BC5-404C-9992-6C5B0AB6CD19}.Release|Any CPU.Build.0 = Release|Any CPU
	EndGlobalSection
	GlobalSection(SolutionProperties) = preSolution
		HideSolutionNode = FALSE
	EndGlobalSection
	GlobalSection(ExtensibilityGlobals) = postSolution
		SolutionGuid = {F88C3F52-92EA-4EE3-BCB9-98CDA2007824}
	EndGlobalSection
EndGlobal
