
Microsoft Visual Studio Solution File, Format Version 12.00
# Visual Studio Version 16
VisualStudioVersion = 16.0.30711.63
MinimumVisualStudioVersion = 10.0.40219.1
Project("{FAE04EC0-301F-11D3-BF4B-00C04F79EFBC}") = "BooksApi", "BooksApi.csproj", "{AC9E650B-5F39-4ACE-A3DC-B8778B0C5228}"
EndProject
Global
	GlobalSection(SolutionConfigurationPlatforms) = preSolution
		Debug|Any CPU = Debug|Any CPU
		Release|Any CPU = Release|Any CPU
	EndGlobalSection
	GlobalSection(ProjectConfigurationPlatforms) = postSolution
		{AC9E650B-5F39-4ACE-A3DC-B8778B0C5228}.Debug|Any CPU.ActiveCfg = Debug|Any CPU
		{AC9E650B-5F39-4ACE-A3DC-B8778B0C5228}.Debug|Any CPU.Build.0 = Debug|Any CPU
		{AC9E650B-5F39-4ACE-A3DC-B8778B0C5228}.Release|Any CPU.ActiveCfg = Release|Any CPU
		{AC9E650B-5F39-4ACE-A3DC-B8778B0C5228}.Release|Any CPU.Build.0 = Release|Any CPU
	EndGlobalSection
	GlobalSection(SolutionProperties) = preSolution
		HideSolutionNode = FALSE
	EndGlobalSection
	GlobalSection(ExtensibilityGlobals) = postSolution
		SolutionGuid = {06807D2C-CB33-460D-A366-0A28A29578CF}
	EndGlobalSection
EndGlobal
